// !$*UTF8*$!
{
	archiveVersion = 1;
	classes = {
	};
	objectVersion = 50;
	objects = {

/* Begin PBXBuildFile section */
		46601153210C5BF400963516 /* AppDelegate.swift in Sources */ = {isa = PBXBuildFile; fileRef = 46601152210C5BF400963516 /* AppDelegate.swift */; };
		46601155210C5BF400963516 /* ViewController.swift in Sources */ = {isa = PBXBuildFile; fileRef = 46601154210C5BF400963516 /* ViewController.swift */; };
		46601158210C5BF400963516 /* Main.storyboard in Resources */ = {isa = PBXBuildFile; fileRef = 46601156210C5BF400963516 /* Main.storyboard */; };
		4660115A210C5BF600963516 /* Assets.xcassets in Resources */ = {isa = PBXBuildFile; fileRef = 46601159210C5BF600963516 /* Assets.xcassets */; };
		4660115D210C5BF600963516 /* LaunchScreen.storyboard in Resources */ = {isa = PBXBuildFile; fileRef = 4660115B210C5BF600963516 /* LaunchScreen.storyboard */; };
		46601168210C5BF600963516 /* testGIT123Tests.swift in Sources */ = {isa = PBXBuildFile; fileRef = 46601167210C5BF600963516 /* testGIT123Tests.swift */; };
		46601173210C5BF600963516 /* testGIT123UITests.swift in Sources */ = {isa = PBXBuildFile; fileRef = 46601172210C5BF600963516 /* testGIT123UITests.swift */; };
/* End PBXBuildFile section */

/* Begin PBXContainerItemProxy section */
		46601164210C5BF600963516 /* PBXContainerItemProxy */ = {
			isa = PBXContainerItemProxy;
			containerPortal = 46601147210C5BF400963516 /* Project object */;
			proxyType = 1;
			remoteGlobalIDString = 4660114E210C5BF400963516;
			remoteInfo = testGIT123;
		};
		4660116F210C5BF600963516 /* PBXContainerItemProxy */ = {
			isa = PBXContainerItemProxy;
			containerPortal = 46601147210C5BF400963516 /* Project object */;
			proxyType = 1;
			remoteGlobalIDString = 4660114E210C5BF400963516;
			remoteInfo = testGIT123;
		};
/* End PBXContainerItemProxy section */

/* Begin PBXFileReference section */
		4660114F210C5BF400963516 /* testGIT123.app */ = {isa = PBXFileReference; explicitFileType = wrapper.application; includeInIndex = 0; path = testGIT123.app; sourceTree = BUILT_PRODUCTS_DIR; };
		46601152210C5BF400963516 /* AppDelegate.swift */ = {isa = PBXFileReference; lastKnownFileType = sourcecode.swift; path = AppDelegate.swift; sourceTree = "<group>"; };
		46601154210C5BF400963516 /* ViewController.swift */ = {isa = PBXFileReference; lastKnownFileType = sourcecode.swift; path = ViewController.swift; sourceTree = "<group>"; };
		46601157210C5BF400963516 /* Base */ = {isa = PBXFileReference; lastKnownFileType = file.storyboard; name = Base; path = Base.lproj/Main.storyboard; sourceTree = "<group>"; };
		46601159210C5BF600963516 /* Assets.xcassets */ = {isa = PBXFileReference; lastKnownFileType = folder.assetcatalog; path = Assets.xcassets; sourceTree = "<group>"; };
		4660115C210C5BF600963516 /* Base */ = {isa = PBXFileReference; lastKnownFileType = file.storyboard; name = Base; path = Base.lproj/LaunchScreen.storyboard; sourceTree = "<group>"; };
		4660115E210C5BF600963516 /* Info.plist */ = {isa = PBXFileReference; lastKnownFileType = text.plist.xml; path = Info.plist; sourceTree = "<group>"; };
		46601163210C5BF600963516 /* testGIT123Tests.xctest */ = {isa = PBXFileReference; explicitFileType = wrapper.cfbundle; includeInIndex = 0; path = testGIT123Tests.xctest; sourceTree = BUILT_PRODUCTS_DIR; };
		46601167210C5BF600963516 /* testGIT123Tests.swift */ = {isa = PBXFileReference; lastKnownFileType = sourcecode.swift; path = testGIT123Tests.swift; sourceTree = "<group>"; };
		46601169210C5BF600963516 /* Info.plist */ = {isa = PBXFileReference; lastKnownFileType = text.plist.xml; path = Info.plist; sourceTree = "<group>"; };
		4660116E210C5BF600963516 /* testGIT123UITests.xctest */ = {isa = PBXFileReference; explicitFileType = wrapper.cfbundle; includeInIndex = 0; path = testGIT123UITests.xctest; sourceTree = BUILT_PRODUCTS_DIR; };
		46601172210C5BF600963516 /* testGIT123UITests.swift */ = {isa = PBXFileReference; lastKnownFileType = sourcecode.swift; path = testGIT123UITests.swift; sourceTree = "<group>"; };
		46601174210C5BF600963516 /* Info.plist */ = {isa = PBXFileReference; lastKnownFileType = text.plist.xml; path = Info.plist; sourceTree = "<group>"; };
/* End PBXFileReference section */

/* Begin PBXFrameworksBuildPhase section */
		4660114C210C5BF400963516 /* Frameworks */ = {
			isa = PBXFrameworksBuildPhase;
			buildActionMask = 2147483647;
			files = (
			);
			runOnlyForDeploymentPostprocessing = 0;
		};
		46601160210C5BF600963516 /* Frameworks */ = {
			isa = PBXFrameworksBuildPhase;
			buildActionMask = 2147483647;
			files = (
			);
			runOnlyForDeploymentPostprocessing = 0;
		};
		4660116B210C5BF600963516 /* Frameworks */ = {
			isa = PBXFrameworksBuildPhase;
			buildActionMask = 2147483647;
			files = (
			);
			runOnlyForDeploymentPostprocessing = 0;
		};
/* End PBXFrameworksBuildPhase section */

/* Begin PBXGroup section */
		46601146210C5BF400963516 = {
			isa = PBXGroup;
			children = (
				46601151210C5BF400963516 /* testGIT123 */,
				46601166210C5BF600963516 /* testGIT123Tests */,
				46601171210C5BF600963516 /* testGIT123UITests */,
				46601150210C5BF400963516 /* Products */,
			);
			sourceTree = "<group>";
		};
		46601150210C5BF400963516 /* Products */ = {
			isa = PBXGroup;
			children = (
				4660114F210C5BF400963516 /* testGIT123.app */,
				46601163210C5BF600963516 /* testGIT123Tests.xctest */,
				4660116E210C5BF600963516 /* testGIT123UITests.xctest */,
			);
			name = Products;
			sourceTree = "<group>";
		};
		46601151210C5BF400963516 /* testGIT123 */ = {
			isa = PBXGroup;
			children = (
				46601152210C5BF400963516 /* AppDelegate.swift */,
				46601154210C5BF400963516 /* ViewController.swift */,
				46601156210C5BF400963516 /* Main.storyboard */,
				46601159210C5BF600963516 /* Assets.xcassets */,
				4660115B210C5BF600963516 /* LaunchScreen.storyboard */,
				4660115E210C5BF600963516 /* Info.plist */,
			);
			path = testGIT123;
			sourceTree = "<group>";
		};
		46601166210C5BF600963516 /* testGIT123Tests */ = {
			isa = PBXGroup;
			children = (
				46601167210C5BF600963516 /* testGIT123Tests.swift */,
				46601169210C5BF600963516 /* Info.plist */,
			);
			path = testGIT123Tests;
			sourceTree = "<group>";
		};
		46601171210C5BF600963516 /* testGIT123UITests */ = {
			isa = PBXGroup;
			children = (
				46601172210C5BF600963516 /* testGIT123UITests.swift */,
				46601174210C5BF600963516 /* Info.plist */,
			);
			path = testGIT123UITests;
			sourceTree = "<group>";
		};
/* End PBXGroup section */

/* Begin PBXNativeTarget section */
		4660114E210C5BF400963516 /* testGIT123 */ = {
			isa = PBXNativeTarget;
			buildConfigurationList = 46601177210C5BF600963516 /* Build configuration list for PBXNativeTarget "testGIT123" */;
			buildPhases = (
				4660114B210C5BF400963516 /* Sources */,
				4660114C210C5BF400963516 /* Frameworks */,
				4660114D210C5BF400963516 /* Resources */,
			);
			buildRules = (
			);
			dependencies = (
			);
			name = testGIT123;
			productName = testGIT123;
			productReference = 4660114F210C5BF400963516 /* testGIT123.app */;
			productType = "com.apple.product-type.application";
		};
		46601162210C5BF600963516 /* testGIT123Tests */ = {
			isa = PBXNativeTarget;
			buildConfigurationList = 4660117A210C5BF600963516 /* Build configuration list for PBXNativeTarget "testGIT123Tests" */;
			buildPhases = (
				4660115F210C5BF600963516 /* Sources */,
				46601160210C5BF600963516 /* Frameworks */,
				46601161210C5BF600963516 /* Resources */,
			);
			buildRules = (
			);
			dependencies = (
				46601165210C5BF600963516 /* PBXTargetDependency */,
			);
			name = testGIT123Tests;
			productName = testGIT123Tests;
			productReference = 46601163210C5BF600963516 /* testGIT123Tests.xctest */;
			productType = "com.apple.product-type.bundle.unit-test";
		};
		4660116D210C5BF600963516 /* testGIT123UITests */ = {
			isa = PBXNativeTarget;
			buildConfigurationList = 4660117D210C5BF600963516 /* Build configuration list for PBXNativeTarget "testGIT123UITests" */;
			buildPhases = (
				4660116A210C5BF600963516 /* Sources */,
				4660116B210C5BF600963516 /* Frameworks */,
				4660116C210C5BF600963516 /* Resources */,
			);
			buildRules = (
			);
			dependencies = (
				46601170210C5BF600963516 /* PBXTargetDependency */,
			);
			name = testGIT123UITests;
			productName = testGIT123UITests;
			productReference = 4660116E210C5BF600963516 /* testGIT123UITests.xctest */;
			productType = "com.apple.product-type.bundle.ui-testing";
		};
/* End PBXNativeTarget section */

/* Begin PBXProject section */
		46601147210C5BF400963516 /* Project object */ = {
			isa = PBXProject;
			attributes = {
				LastSwiftUpdateCheck = 1000;
				LastUpgradeCheck = 1000;
				ORGANIZATIONNAME = "Dan Ilinca";
				TargetAttributes = {
					4660114E210C5BF400963516 = {
						CreatedOnToolsVersion = 10.0;
					};
					46601162210C5BF600963516 = {
						CreatedOnToolsVersion = 10.0;
						TestTargetID = 4660114E210C5BF400963516;
					};
					4660116D210C5BF600963516 = {
						CreatedOnToolsVersion = 10.0;
						TestTargetID = 4660114E210C5BF400963516;
					};
				};
			};
			buildConfigurationList = 4660114A210C5BF400963516 /* Build configuration list for PBXProject "testGIT123" */;
			compatibilityVersion = "Xcode 9.3";
			developmentRegion = en;
			hasScannedForEncodings = 0;
			knownRegions = (
				en,
				Base,
			);
			mainGroup = 46601146210C5BF400963516;
			productRefGroup = 46601150210C5BF400963516 /* Products */;
			projectDirPath = "";
			projectRoot = "";
			targets = (
				4660114E210C5BF400963516 /* testGIT123 */,
				46601162210C5BF600963516 /* testGIT123Tests */,
				4660116D210C5BF600963516 /* testGIT123UITests */,
			);
		};
/* End PBXProject section */

/* Begin PBXResourcesBuildPhase section */
		4660114D210C5BF400963516 /* Resources */ = {
			isa = PBXResourcesBuildPhase;
			buildActionMask = 2147483647;
			files = (
				4660115D210C5BF600963516 /* LaunchScreen.storyboard in Resources */,
				4660115A210C5BF600963516 /* Assets.xcassets in Resources */,
				46601158210C5BF400963516 /* Main.storyboard in Resources */,
			);
			runOnlyForDeploymentPostprocessing = 0;
		};
		46601161210C5BF600963516 /* Resources */ = {
			isa = PBXResourcesBuildPhase;
			buildActionMask = 2147483647;
			files = (
			);
			runOnlyForDeploymentPostprocessing = 0;
		};
		4660116C210C5BF600963516 /* Resources */ = {
			isa = PBXResourcesBuildPhase;
			buildActionMask = 2147483647;
			files = (
			);
			runOnlyForDeploymentPostprocessing = 0;
		};
/* End PBXResourcesBuildPhase section */

/* Begin PBXSourcesBuildPhase section */
		4660114B210C5BF400963516 /* Sources */ = {
			isa = PBXSourcesBuildPhase;
			buildActionMask = 2147483647;
			files = (
				46601155210C5BF400963516 /* ViewController.swift in Sources */,
				46601153210C5BF400963516 /* AppDelegate.swift in Sources */,
			);
			runOnlyForDeploymentPostprocessing = 0;
		};
		4660115F210C5BF600963516 /* Sources */ = {
			isa = PBXSourcesBuildPhase;
			buildActionMask = 2147483647;
			files = (
				46601168210C5BF600963516 /* testGIT123Tests.swift in Sources */,
			);
			runOnlyForDeploymentPostprocessing = 0;
		};
		4660116A210C5BF600963516 /* Sources */ = {
			isa = PBXSourcesBuildPhase;
			buildActionMask = 2147483647;
			files = (
				46601173210C5BF600963516 /* testGIT123UITests.swift in Sources */,
			);
			runOnlyForDeploymentPostprocessing = 0;
		};
/* End PBXSourcesBuildPhase section */

/* Begin PBXTargetDependency section */
		46601165210C5BF600963516 /* PBXTargetDependency */ = {
			isa = PBXTargetDependency;
			target = 4660114E210C5BF400963516 /* testGIT123 */;
			targetProxy = 46601164210C5BF600963516 /* PBXContainerItemProxy */;
		};
		46601170210C5BF600963516 /* PBXTargetDependency */ = {
			isa = PBXTargetDependency;
			target = 4660114E210C5BF400963516 /* testGIT123 */;
			targetProxy = 4660116F210C5BF600963516 /* PBXContainerItemProxy */;
		};
/* End PBXTargetDependency section */

/* Begin PBXVariantGroup section */
		46601156210C5BF400963516 /* Main.storyboard */ = {
			isa = PBXVariantGroup;
			children = (
				46601157210C5BF400963516 /* Base */,
			);
			name = Main.storyboard;
			sourceTree = "<group>";
		};
		4660115B210C5BF600963516 /* LaunchScreen.storyboard */ = {
			isa = PBXVariantGroup;
			children = (
				4660115C210C5BF600963516 /* Base */,
			);
			name = LaunchScreen.storyboard;
			sourceTree = "<group>";
		};
/* End PBXVariantGroup section */

/* Begin XCBuildConfiguration section */
		46601175210C5BF600963516 /* Debug */ = {
			isa = XCBuildConfiguration;
			buildSettings = {
				ALWAYS_SEARCH_USER_PATHS = NO;
				CLANG_ANALYZER_NONNULL = YES;
				CLANG_ANALYZER_NUMBER_OBJECT_CONVERSION = YES_AGGRESSIVE;
				CLANG_CXX_LANGUAGE_STANDARD = "gnu++14";
				CLANG_CXX_LIBRARY = "libc++";
				CLANG_ENABLE_MODULES = YES;
				CLANG_ENABLE_OBJC_ARC = YES;
				CLANG_ENABLE_OBJC_WEAK = YES;
				CLANG_WARN_BLOCK_CAPTURE_AUTORELEASING = YES;
				CLANG_WARN_BOOL_CONVERSION = YES;
				CLANG_WARN_COMMA = YES;
				CLANG_WARN_CONSTANT_CONVERSION = YES;
				CLANG_WARN_DEPRECATED_OBJC_IMPLEMENTATIONS = YES;
				CLANG_WARN_DIRECT_OBJC_ISA_USAGE = YES_ERROR;
				CLANG_WARN_DOCUMENTATION_COMMENTS = YES;
				CLANG_WARN_EMPTY_BODY = YES;
				CLANG_WARN_ENUM_CONVERSION = YES;
				CLANG_WARN_INFINITE_RECURSION = YES;
				CLANG_WARN_INT_CONVERSION = YES;
				CLANG_WARN_NON_LITERAL_NULL_CONVERSION = YES;
				CLANG_WARN_OBJC_IMPLICIT_RETAIN_SELF = YES;
				CLANG_WARN_OBJC_LITERAL_CONVERSION = YES;
				CLANG_WARN_OBJC_ROOT_CLASS = YES_ERROR;
				CLANG_WARN_RANGE_LOOP_ANALYSIS = YES;
				CLANG_WARN_STRICT_PROTOTYPES = YES;
				CLANG_WARN_SUSPICIOUS_MOVE = YES;
				CLANG_WARN_UNGUARDED_AVAILABILITY = YES_AGGRESSIVE;
				CLANG_WARN_UNREACHABLE_CODE = YES;
				CLANG_WARN__DUPLICATE_METHOD_MATCH = YES;
				CODE_SIGN_IDENTITY = "iPhone Developer";
				COPY_PHASE_STRIP = NO;
				DEBUG_INFORMATION_FORMAT = dwarf;
				ENABLE_STRICT_OBJC_MSGSEND = YES;
				ENABLE_TESTABILITY = YES;
				GCC_C_LANGUAGE_STANDARD = gnu11;
				GCC_DYNAMIC_NO_PIC = NO;
				GCC_NO_COMMON_BLOCKS = YES;
				GCC_OPTIMIZATION_LEVEL = 0;
				GCC_PREPROCESSOR_DEFINITIONS = (
					"DEBUG=1",
					"$(inherited)",
				);
				GCC_WARN_64_TO_32_BIT_CONVERSION = YES;
				GCC_WARN_ABOUT_RETURN_TYPE = YES_ERROR;
				GCC_WARN_UNDECLARED_SELECTOR = YES;
				GCC_WARN_UNINITIALIZED_AUTOS = YES_AGGRESSIVE;
				GCC_WARN_UNUSED_FUNCTION = YES;
				GCC_WARN_UNUSED_VARIABLE = YES;
				IPHONEOS_DEPLOYMENT_TARGET = 12.0;
				MTL_ENABLE_DEBUG_INFO = INCLUDE_SOURCE;
				MTL_FAST_MATH = YES;
				ONLY_ACTIVE_ARCH = YES;
				SDKROOT = iphoneos;
				SWIFT_ACTIVE_COMPILATION_CONDITIONS = DEBUG;
				SWIFT_OPTIMIZATION_LEVEL = "-Onone";
			};
			name = Debug;
		};
		46601176210C5BF600963516 /* Release */ = {
			isa = XCBuildConfiguration;
			buildSettings = {
				ALWAYS_SEARCH_USER_PATHS = NO;
				CLANG_ANALYZER_NONNULL = YES;
				CLANG_ANALYZER_NUMBER_OBJECT_CONVERSION = YES_AGGRESSIVE;
				CLANG_CXX_LANGUAGE_STANDARD = "gnu++14";
				CLANG_CXX_LIBRARY = "libc++";
				CLANG_ENABLE_MODULES = YES;
				CLANG_ENABLE_OBJC_ARC = YES;
				CLANG_ENABLE_OBJC_WEAK = YES;
				CLANG_WARN_BLOCK_CAPTURE_AUTORELEASING = YES;
				CLANG_WARN_BOOL_CONVERSION = YES;
				CLANG_WARN_COMMA = YES;
				CLANG_WARN_CONSTANT_CONVERSION = YES;
				CLANG_WARN_DEPRECATED_OBJC_IMPLEMENTATIONS = YES;
				CLANG_WARN_DIRECT_OBJC_ISA_USAGE = YES_ERROR;
				CLANG_WARN_DOCUMENTATION_COMMENTS = YES;
				CLANG_WARN_EMPTY_BODY = YES;
				CLANG_WARN_ENUM_CONVERSION = YES;
				CLANG_WARN_INFINITE_RECURSION = YES;
				CLANG_WARN_INT_CONVERSION = YES;
				CLANG_WARN_NON_LITERAL_NULL_CONVERSION = YES;
				CLANG_WARN_OBJC_IMPLICIT_RETAIN_SELF = YES;
				CLANG_WARN_OBJC_LITERAL_CONVERSION = YES;
				CLANG_WARN_OBJC_ROOT_CLASS = YES_ERROR;
				CLANG_WARN_RANGE_LOOP_ANALYSIS = YES;
				CLANG_WARN_STRICT_PROTOTYPES = YES;
				CLANG_WARN_SUSPICIOUS_MOVE = YES;
				CLANG_WARN_UNGUARDED_AVAILABILITY = YES_AGGRESSIVE;
				CLANG_WARN_UNREACHABLE_CODE = YES;
				CLANG_WARN__DUPLICATE_METHOD_MATCH = YES;
				CODE_SIGN_IDENTITY = "iPhone Developer";
				COPY_PHASE_STRIP = NO;
				DEBUG_INFORMATION_FORMAT = "dwarf-with-dsym";
				ENABLE_NS_ASSERTIONS = NO;
				ENABLE_STRICT_OBJC_MSGSEND = YES;
				GCC_C_LANGUAGE_STANDARD = gnu11;
				GCC_NO_COMMON_BLOCKS = YES;
				GCC_WARN_64_TO_32_BIT_CONVERSION = YES;
				GCC_WARN_ABOUT_RETURN_TYPE = YES_ERROR;
				GCC_WARN_UNDECLARED_SELECTOR = YES;
				GCC_WARN_UNINITIALIZED_AUTOS = YES_AGGRESSIVE;
				GCC_WARN_UNUSED_FUNCTION = YES;
				GCC_WARN_UNUSED_VARIABLE = YES;
				IPHONEOS_DEPLOYMENT_TARGET = 12.0;
				MTL_ENABLE_DEBUG_INFO = NO;
				MTL_FAST_MATH = YES;
				SDKROOT = iphoneos;
				SWIFT_COMPILATION_MODE = wholemodule;
				SWIFT_OPTIMIZATION_LEVEL = "-O";
				VALIDATE_PRODUCT = YES;
			};
			name = Release;
		};
		46601178210C5BF600963516 /* Debug */ = {
			isa = XCBuildConfiguration;
			buildSettings = {
				ASSETCATALOG_COMPILER_APPICON_NAME = AppIcon;
				CODE_SIGN_STYLE = Automatic;
				INFOPLIST_FILE = testGIT123/Info.plist;
				LD_RUNPATH_SEARCH_PATHS = (
					"$(inherited)",
					"@executable_path/Frameworks",
				);
				PRODUCT_BUNDLE_IDENTIFIER = "com.2dan-test.testGIT123";
				PRODUCT_NAME = "$(TARGET_NAME)";
				SWIFT_VERSION = 4.2;
				TARGETED_DEVICE_FAMILY = "1,2";
			};
			name = Debug;
		};
		46601179210C5BF600963516 /* Release */ = {
			isa = XCBuildConfiguration;
			buildSettings = {
				ASSETCATALOG_COMPILER_APPICON_NAME = AppIcon;
				CODE_SIGN_STYLE = Automatic;
				INFOPLIST_FILE = testGIT123/Info.plist;
				LD_RUNPATH_SEARCH_PATHS = (
					"$(inherited)",
					"@executable_path/Frameworks",
				);
				PRODUCT_BUNDLE_IDENTIFIER = "com.2dan-test.testGIT123";
				PRODUCT_NAME = "$(TARGET_NAME)";
				SWIFT_VERSION = 4.2;
				TARGETED_DEVICE_FAMILY = "1,2";
			};
			name = Release;
		};
		4660117B210C5BF600963516 /* Debug */ = {
			isa = XCBuildConfiguration;
			buildSettings = {
				ALWAYS_EMBED_SWIFT_STANDARD_LIBRARIES = YES;
				BUNDLE_LOADER = "$(TEST_HOST)";
				CODE_SIGN_STYLE = Automatic;
				INFOPLIST_FILE = testGIT123Tests/Info.plist;
				LD_RUNPATH_SEARCH_PATHS = (
					"$(inherited)",
					"@executable_path/Frameworks",
					"@loader_path/Frameworks",
				);
				PRODUCT_BUNDLE_IDENTIFIER = "com.2dan-test.testGIT123Tests";
				PRODUCT_NAME = "$(TARGET_NAME)";
				SWIFT_VERSION = 4.2;
				TARGETED_DEVICE_FAMILY = "1,2";
				TEST_HOST = "$(BUILT_PRODUCTS_DIR)/testGIT123.app/testGIT123";
			};
			name = Debug;
		};
		4660117C210C5BF600963516 /* Release */ = {
			isa = XCBuildConfiguration;
			buildSettings = {
				ALWAYS_EMBED_SWIFT_STANDARD_LIBRARIES = YES;
				BUNDLE_LOADER = "$(TEST_HOST)";
				CODE_SIGN_STYLE = Automatic;
				INFOPLIST_FILE = testGIT123Tests/Info.plist;
				LD_RUNPATH_SEARCH_PATHS = (
					"$(inherited)",
					"@executable_path/Frameworks",
					"@loader_path/Frameworks",
				);
				PRODUCT_BUNDLE_IDENTIFIER = "com.2dan-test.testGIT123Tests";
				PRODUCT_NAME = "$(TARGET_NAME)";
				SWIFT_VERSION = 4.2;
				TARGETED_DEVICE_FAMILY = "1,2";
				TEST_HOST = "$(BUILT_PRODUCTS_DIR)/testGIT123.app/testGIT123";
			};
			name = Release;
		};
		4660117E210C5BF600963516 /* Debug */ = {
			isa = XCBuildConfiguration;
			buildSettings = {
				ALWAYS_EMBED_SWIFT_STANDARD_LIBRARIES = YES;
				CODE_SIGN_STYLE = Automatic;
				INFOPLIST_FILE = testGIT123UITests/Info.plist;
				LD_RUNPATH_SEARCH_PATHS = (
					"$(inherited)",
					"@executable_path/Frameworks",
					"@loader_path/Frameworks",
				);
				PRODUCT_BUNDLE_IDENTIFIER = "com.2dan-test.testGIT123UITests";
				PRODUCT_NAME = "$(TARGET_NAME)";
				SWIFT_VERSION = 4.2;
				TARGETED_DEVICE_FAMILY = "1,2";
				TEST_TARGET_NAME = testGIT123;
			};
			name = Debug;
		};
		4660117F210C5BF600963516 /* Release */ = {
			isa = XCBuildConfiguration;
			buildSettings = {
				ALWAYS_EMBED_SWIFT_STANDARD_LIBRARIES = YES;
				CODE_SIGN_STYLE = Automatic;
				INFOPLIST_FILE = testGIT123UITests/Info.plist;
				LD_RUNPATH_SEARCH_PATHS = (
					"$(inherited)",
					"@executable_path/Frameworks",
					"@loader_path/Frameworks",
				);
				PRODUCT_BUNDLE_IDENTIFIER = "com.2dan-test.testGIT123UITests";
				PRODUCT_NAME = "$(TARGET_NAME)";
				SWIFT_VERSION = 4.2;
				TARGETED_DEVICE_FAMILY = "1,2";
				TEST_TARGET_NAME = testGIT123;
			};
			name = Release;
		};
/* End XCBuildConfiguration section */

/* Begin XCConfigurationList section */
		4660114A210C5BF400963516 /* Build configuration list for PBXProject "testGIT123" */ = {
			isa = XCConfigurationList;
			buildConfigurations = (
				46601175210C5BF600963516 /* Debug */,
				46601176210C5BF600963516 /* Release */,
			);
			defaultConfigurationIsVisible = 0;
			defaultConfigurationName = Release;
		};
		46601177210C5BF600963516 /* Build configuration list for PBXNativeTarget "testGIT123" */ = {
			isa = XCConfigurationList;
			buildConfigurations = (
				46601178210C5BF600963516 /* Debug */,
				46601179210C5BF600963516 /* Release */,
			);
			defaultConfigurationIsVisible = 0;
			defaultConfigurationName = Release;
		};
		4660117A210C5BF600963516 /* Build configuration list for PBXNativeTarget "testGIT123Tests" */ = {
			isa = XCConfigurationList;
			buildConfigurations = (
				4660117B210C5BF600963516 /* Debug */,
				4660117C210C5BF600963516 /* Release */,
			);
			defaultConfigurationIsVisible = 0;
			defaultConfigurationName = Release;
		};
		4660117D210C5BF600963516 /* Build configuration list for PBXNativeTarget "testGIT123UITests" */ = {
			isa = XCConfigurationList;
			buildConfigurations = (
				4660117E210C5BF600963516 /* Debug */,
				4660117F210C5BF600963516 /* Release */,
			);
			defaultConfigurationIsVisible = 0;
			defaultConfigurationName = Release;
		};
/* End XCConfigurationList section */
	};
	rootObject = 46601147210C5BF400963516 /* Project object */;
}
